lockfileVersion: '9.0'

settings:
  autoInstallPeers: true
  excludeLinksFromLockfile: false

importers:

  .:
    devDependencies:
      dotenv-cli:
        specifier: ^8.0.0
        version: 8.0.0
      turbo:
        specifier: ^2.4.4
        version: 2.4.4

  apps/api: {}

  apps/web:
    dependencies:
      dedent-js:
        specifier: ^1.0.1
        version: 1.0.1
      install:
        specifier: ^0.13.0
        version: 0.13.0
      lucide-svelte:
        specifier: ^0.479.0
        version: 0.479.0(svelte@4.2.19)
    devDependencies:
      '@sveltejs/vite-plugin-svelte':
        specifier: ^3.1.2
        version: 3.1.2(svelte@4.2.19)(vite@6.2.1(sass@1.85.1))
      '@tsconfig/svelte':
        specifier: ^5.0.4
        version: 5.0.4
      highlight.js:
        specifier: ^11.11.1
        version: 11.11.1
      sass:
        specifier: ^1.85.1
        version: 1.85.1
      svelte:
        specifier: ^4.2.19
        version: 4.2.19
      svelte-check:
        specifier: ^4.1.5
        version: 4.1.5(picomatch@2.3.1)(svelte@4.2.19)(typescript@5.8.2)
      svelte-highlight:
        specifier: ^7.8.2
        version: 7.8.2
      tslib:
        specifier: ^2.8.1
        version: 2.8.1
      typescript:
        specifier: ^5.8.2
        version: 5.8.2
      vite:
        specifier: ^6.2.1
        version: 6.2.1(sass@1.85.1)

packages:

  '@ampproject/remapping@2.2.1':
    resolution: {integrity: sha512-lFMjJTrFL3j7L9yBxwYfCq2k6qqwHyzuUl/XBnif78PWTJYyL/dfowQHWE3sp6U6ZzqWiiIZnpTMO96zhkjwtg==}
    engines: {node: '>=6.0.0'}

  '@esbuild/aix-ppc64@0.25.0':
    resolution: {integrity: sha512-O7vun9Sf8DFjH2UtqK8Ku3LkquL9SZL8OLY1T5NZkA34+wG3OQF7cl4Ql8vdNzM6fzBbYfLaiRLIOZ+2FOCgBQ==}
    engines: {node: '>=18'}
    cpu: [ppc64]
    os: [aix]

  '@esbuild/android-arm64@0.25.0':
    resolution: {integrity: sha512-grvv8WncGjDSyUBjN9yHXNt+cq0snxXbDxy5pJtzMKGmmpPxeAmAhWxXI+01lU5rwZomDgD3kJwulEnhTRUd6g==}
    engines: {node: '>=18'}
    cpu: [arm64]
    os: [android]

  '@esbuild/android-arm@0.25.0':
    resolution: {integrity: sha512-PTyWCYYiU0+1eJKmw21lWtC+d08JDZPQ5g+kFyxP0V+es6VPPSUhM6zk8iImp2jbV6GwjX4pap0JFbUQN65X1g==}
    engines: {node: '>=18'}
    cpu: [arm]
    os: [android]

  '@esbuild/android-x64@0.25.0':
    resolution: {integrity: sha512-m/ix7SfKG5buCnxasr52+LI78SQ+wgdENi9CqyCXwjVR2X4Jkz+BpC3le3AoBPYTC9NHklwngVXvbJ9/Akhrfg==}
    engines: {node: '>=18'}
    cpu: [x64]
    os: [android]

  '@esbuild/darwin-arm64@0.25.0':
    resolution: {integrity: sha512-mVwdUb5SRkPayVadIOI78K7aAnPamoeFR2bT5nszFUZ9P8UpK4ratOdYbZZXYSqPKMHfS1wdHCJk1P1EZpRdvw==}
    engines: {node: '>=18'}
    cpu: [arm64]
    os: [darwin]

  '@esbuild/darwin-x64@0.25.0':
    resolution: {integrity: sha512-DgDaYsPWFTS4S3nWpFcMn/33ZZwAAeAFKNHNa1QN0rI4pUjgqf0f7ONmXf6d22tqTY+H9FNdgeaAa+YIFUn2Rg==}
    engines: {node: '>=18'}
    cpu: [x64]
    os: [darwin]

  '@esbuild/freebsd-arm64@0.25.0':
    resolution: {integrity: sha512-VN4ocxy6dxefN1MepBx/iD1dH5K8qNtNe227I0mnTRjry8tj5MRk4zprLEdG8WPyAPb93/e4pSgi1SoHdgOa4w==}
    engines: {node: '>=18'}
    cpu: [arm64]
    os: [freebsd]

  '@esbuild/freebsd-x64@0.25.0':
    resolution: {integrity: sha512-mrSgt7lCh07FY+hDD1TxiTyIHyttn6vnjesnPoVDNmDfOmggTLXRv8Id5fNZey1gl/V2dyVK1VXXqVsQIiAk+A==}
    engines: {node: '>=18'}
    cpu: [x64]
    os: [freebsd]

  '@esbuild/linux-arm64@0.25.0':
    resolution: {integrity: sha512-9QAQjTWNDM/Vk2bgBl17yWuZxZNQIF0OUUuPZRKoDtqF2k4EtYbpyiG5/Dk7nqeK6kIJWPYldkOcBqjXjrUlmg==}
    engines: {node: '>=18'}
    cpu: [arm64]
    os: [linux]

  '@esbuild/linux-arm@0.25.0':
    resolution: {integrity: sha512-vkB3IYj2IDo3g9xX7HqhPYxVkNQe8qTK55fraQyTzTX/fxaDtXiEnavv9geOsonh2Fd2RMB+i5cbhu2zMNWJwg==}
    engines: {node: '>=18'}
    cpu: [arm]
    os: [linux]

  '@esbuild/linux-ia32@0.25.0':
    resolution: {integrity: sha512-43ET5bHbphBegyeqLb7I1eYn2P/JYGNmzzdidq/w0T8E2SsYL1U6un2NFROFRg1JZLTzdCoRomg8Rvf9M6W6Gg==}
    engines: {node: '>=18'}
    cpu: [ia32]
    os: [linux]

  '@esbuild/linux-loong64@0.25.0':
    resolution: {integrity: sha512-fC95c/xyNFueMhClxJmeRIj2yrSMdDfmqJnyOY4ZqsALkDrrKJfIg5NTMSzVBr5YW1jf+l7/cndBfP3MSDpoHw==}
    engines: {node: '>=18'}
    cpu: [loong64]
    os: [linux]

  '@esbuild/linux-mips64el@0.25.0':
    resolution: {integrity: sha512-nkAMFju7KDW73T1DdH7glcyIptm95a7Le8irTQNO/qtkoyypZAnjchQgooFUDQhNAy4iu08N79W4T4pMBwhPwQ==}
    engines: {node: '>=18'}
    cpu: [mips64el]
    os: [linux]

  '@esbuild/linux-ppc64@0.25.0':
    resolution: {integrity: sha512-NhyOejdhRGS8Iwv+KKR2zTq2PpysF9XqY+Zk77vQHqNbo/PwZCzB5/h7VGuREZm1fixhs4Q/qWRSi5zmAiO4Fw==}
    engines: {node: '>=18'}
    cpu: [ppc64]
    os: [linux]

  '@esbuild/linux-riscv64@0.25.0':
    resolution: {integrity: sha512-5S/rbP5OY+GHLC5qXp1y/Mx//e92L1YDqkiBbO9TQOvuFXM+iDqUNG5XopAnXoRH3FjIUDkeGcY1cgNvnXp/kA==}
    engines: {node: '>=18'}
    cpu: [riscv64]
    os: [linux]

  '@esbuild/linux-s390x@0.25.0':
    resolution: {integrity: sha512-XM2BFsEBz0Fw37V0zU4CXfcfuACMrppsMFKdYY2WuTS3yi8O1nFOhil/xhKTmE1nPmVyvQJjJivgDT+xh8pXJA==}
    engines: {node: '>=18'}
    cpu: [s390x]
    os: [linux]

  '@esbuild/linux-x64@0.25.0':
    resolution: {integrity: sha512-9yl91rHw/cpwMCNytUDxwj2XjFpxML0y9HAOH9pNVQDpQrBxHy01Dx+vaMu0N1CKa/RzBD2hB4u//nfc+Sd3Cw==}
    engines: {node: '>=18'}
    cpu: [x64]
    os: [linux]

  '@esbuild/netbsd-arm64@0.25.0':
    resolution: {integrity: sha512-RuG4PSMPFfrkH6UwCAqBzauBWTygTvb1nxWasEJooGSJ/NwRw7b2HOwyRTQIU97Hq37l3npXoZGYMy3b3xYvPw==}
    engines: {node: '>=18'}
    cpu: [arm64]
    os: [netbsd]

  '@esbuild/netbsd-x64@0.25.0':
    resolution: {integrity: sha512-jl+qisSB5jk01N5f7sPCsBENCOlPiS/xptD5yxOx2oqQfyourJwIKLRA2yqWdifj3owQZCL2sn6o08dBzZGQzA==}
    engines: {node: '>=18'}
    cpu: [x64]
    os: [netbsd]

  '@esbuild/openbsd-arm64@0.25.0':
    resolution: {integrity: sha512-21sUNbq2r84YE+SJDfaQRvdgznTD8Xc0oc3p3iW/a1EVWeNj/SdUCbm5U0itZPQYRuRTW20fPMWMpcrciH2EJw==}
    engines: {node: '>=18'}
    cpu: [arm64]
    os: [openbsd]

  '@esbuild/openbsd-x64@0.25.0':
    resolution: {integrity: sha512-2gwwriSMPcCFRlPlKx3zLQhfN/2WjJ2NSlg5TKLQOJdV0mSxIcYNTMhk3H3ulL/cak+Xj0lY1Ym9ysDV1igceg==}
    engines: {node: '>=18'}
    cpu: [x64]
    os: [openbsd]

  '@esbuild/sunos-x64@0.25.0':
    resolution: {integrity: sha512-bxI7ThgLzPrPz484/S9jLlvUAHYMzy6I0XiU1ZMeAEOBcS0VePBFxh1JjTQt3Xiat5b6Oh4x7UC7IwKQKIJRIg==}
    engines: {node: '>=18'}
    cpu: [x64]
    os: [sunos]

  '@esbuild/win32-arm64@0.25.0':
    resolution: {integrity: sha512-ZUAc2YK6JW89xTbXvftxdnYy3m4iHIkDtK3CLce8wg8M2L+YZhIvO1DKpxrd0Yr59AeNNkTiic9YLf6FTtXWMw==}
    engines: {node: '>=18'}
    cpu: [arm64]
    os: [win32]

  '@esbuild/win32-ia32@0.25.0':
    resolution: {integrity: sha512-eSNxISBu8XweVEWG31/JzjkIGbGIJN/TrRoiSVZwZ6pkC6VX4Im/WV2cz559/TXLcYbcrDN8JtKgd9DJVIo8GA==}
    engines: {node: '>=18'}
    cpu: [ia32]
    os: [win32]

  '@esbuild/win32-x64@0.25.0':
    resolution: {integrity: sha512-ZENoHJBxA20C2zFzh6AI4fT6RraMzjYw4xKWemRTRmRVtN9c5DcH9r/f2ihEkMjOW5eGgrwCslG/+Y/3bL+DHQ==}
    engines: {node: '>=18'}
    cpu: [x64]
    os: [win32]

  '@jridgewell/gen-mapping@0.3.3':
    resolution: {integrity: sha512-HLhSWOLRi875zjjMG/r+Nv0oCW8umGb0BgEhyX3dDX3egwZtB8PqLnjz3yedt8R5StBrzcg4aBpnh8UA9D1BoQ==}
    engines: {node: '>=6.0.0'}

  '@jridgewell/resolve-uri@3.1.1':
    resolution: {integrity: sha512-dSYZh7HhCDtCKm4QakX0xFpsRDqjjtZf/kjI/v3T3Nwt5r8/qz/M19F9ySyOqU94SXBmeG9ttTul+YnR4LOxFA==}
    engines: {node: '>=6.0.0'}

  '@jridgewell/resolve-uri@3.1.2':
    resolution: {integrity: sha512-bRISgCIjP20/tbWSPWMEi54QVPRZExkuD9lJL+UIxUKtwVJA8wW1Trb1jMs1RFXo1CBTNZ/5hpC9QvmKWdopKw==}
    engines: {node: '>=6.0.0'}

  '@jridgewell/set-array@1.1.2':
    resolution: {integrity: sha512-xnkseuNADM0gt2bs+BvhO0p78Mk762YnZdsuzFV018NoG1Sj1SCQvpSqa7XUaTam5vAGasABV9qXASMKnFMwMw==}
    engines: {node: '>=6.0.0'}

  '@jridgewell/sourcemap-codec@1.4.15':
    resolution: {integrity: sha512-eF2rxCRulEKXHTRiDrDy6erMYWqNw4LPdQ8UQA4huuxaQsVeRPFl2oM8oDGxMFhJUWZf9McpLtJasDDZb/Bpeg==}

  '@jridgewell/sourcemap-codec@1.5.0':
    resolution: {integrity: sha512-gv3ZRaISU3fjPAgNsriBRqGWQL6quFx04YMPW/zD8XMLsU32mhCCbfbO6KZFLjvYpCZ8zyDEgqsgf+PwPaM7GQ==}

  '@jridgewell/trace-mapping@0.3.19':
    resolution: {integrity: sha512-kf37QtfW+Hwx/buWGMPcR60iF9ziHa6r/CZJIHbmcm4+0qrXiVdxegAH0F6yddEVQ7zdkjcGCgCzUu+BcbhQxw==}

  '@jridgewell/trace-mapping@0.3.25':
    resolution: {integrity: sha512-vNk6aEwybGtawWmy/PzwnGDOjCkLWSD2wqvjGGAgOAwCGWySYXfYoxt00IJkTF+8Lb57DwOb3Aa0o9CApepiYQ==}

  '@parcel/watcher-android-arm64@2.5.1':
    resolution: {integrity: sha512-KF8+j9nNbUN8vzOFDpRMsaKBHZ/mcjEjMToVMJOhTozkDonQFFrRcfdLWn6yWKCmJKmdVxSgHiYvTCef4/qcBA==}
    engines: {node: '>= 10.0.0'}
    cpu: [arm64]
    os: [android]

  '@parcel/watcher-darwin-arm64@2.5.1':
    resolution: {integrity: sha512-eAzPv5osDmZyBhou8PoF4i6RQXAfeKL9tjb3QzYuccXFMQU0ruIc/POh30ePnaOyD1UXdlKguHBmsTs53tVoPw==}
    engines: {node: '>= 10.0.0'}
    cpu: [arm64]
    os: [darwin]

  '@parcel/watcher-darwin-x64@2.5.1':
    resolution: {integrity: sha512-1ZXDthrnNmwv10A0/3AJNZ9JGlzrF82i3gNQcWOzd7nJ8aj+ILyW1MTxVk35Db0u91oD5Nlk9MBiujMlwmeXZg==}
    engines: {node: '>= 10.0.0'}
    cpu: [x64]
    os: [darwin]

  '@parcel/watcher-freebsd-x64@2.5.1':
    resolution: {integrity: sha512-SI4eljM7Flp9yPuKi8W0ird8TI/JK6CSxju3NojVI6BjHsTyK7zxA9urjVjEKJ5MBYC+bLmMcbAWlZ+rFkLpJQ==}
    engines: {node: '>= 10.0.0'}
    cpu: [x64]
    os: [freebsd]

  '@parcel/watcher-linux-arm-glibc@2.5.1':
    resolution: {integrity: sha512-RCdZlEyTs8geyBkkcnPWvtXLY44BCeZKmGYRtSgtwwnHR4dxfHRG3gR99XdMEdQ7KeiDdasJwwvNSF5jKtDwdA==}
    engines: {node: '>= 10.0.0'}
    cpu: [arm]
    os: [linux]

  '@parcel/watcher-linux-arm-musl@2.5.1':
    resolution: {integrity: sha512-6E+m/Mm1t1yhB8X412stiKFG3XykmgdIOqhjWj+VL8oHkKABfu/gjFj8DvLrYVHSBNC+/u5PeNrujiSQ1zwd1Q==}
    engines: {node: '>= 10.0.0'}
    cpu: [arm]
    os: [linux]

  '@parcel/watcher-linux-arm64-glibc@2.5.1':
    resolution: {integrity: sha512-LrGp+f02yU3BN9A+DGuY3v3bmnFUggAITBGriZHUREfNEzZh/GO06FF5u2kx8x+GBEUYfyTGamol4j3m9ANe8w==}
    engines: {node: '>= 10.0.0'}
    cpu: [arm64]
    os: [linux]

  '@parcel/watcher-linux-arm64-musl@2.5.1':
    resolution: {integrity: sha512-cFOjABi92pMYRXS7AcQv9/M1YuKRw8SZniCDw0ssQb/noPkRzA+HBDkwmyOJYp5wXcsTrhxO0zq1U11cK9jsFg==}
    engines: {node: '>= 10.0.0'}
    cpu: [arm64]
    os: [linux]

  '@parcel/watcher-linux-x64-glibc@2.5.1':
    resolution: {integrity: sha512-GcESn8NZySmfwlTsIur+49yDqSny2IhPeZfXunQi48DMugKeZ7uy1FX83pO0X22sHntJ4Ub+9k34XQCX+oHt2A==}
    engines: {node: '>= 10.0.0'}
    cpu: [x64]
    os: [linux]

  '@parcel/watcher-linux-x64-musl@2.5.1':
    resolution: {integrity: sha512-n0E2EQbatQ3bXhcH2D1XIAANAcTZkQICBPVaxMeaCVBtOpBZpWJuf7LwyWPSBDITb7In8mqQgJ7gH8CILCURXg==}
    engines: {node: '>= 10.0.0'}
    cpu: [x64]
    os: [linux]

  '@parcel/watcher-win32-arm64@2.5.1':
    resolution: {integrity: sha512-RFzklRvmc3PkjKjry3hLF9wD7ppR4AKcWNzH7kXR7GUe0Igb3Nz8fyPwtZCSquGrhU5HhUNDr/mKBqj7tqA2Vw==}
    engines: {node: '>= 10.0.0'}
    cpu: [arm64]
    os: [win32]

  '@parcel/watcher-win32-ia32@2.5.1':
    resolution: {integrity: sha512-c2KkcVN+NJmuA7CGlaGD1qJh1cLfDnQsHjE89E60vUEMlqduHGCdCLJCID5geFVM0dOtA3ZiIO8BoEQmzQVfpQ==}
    engines: {node: '>= 10.0.0'}
    cpu: [ia32]
    os: [win32]

  '@parcel/watcher-win32-x64@2.5.1':
    resolution: {integrity: sha512-9lHBdJITeNR++EvSQVUcaZoWupyHfXe1jZvGZ06O/5MflPcuPLtEphScIBL+AiCWBO46tDSHzWyD0uDmmZqsgA==}
    engines: {node: '>= 10.0.0'}
    cpu: [x64]
    os: [win32]

  '@parcel/watcher@2.5.1':
    resolution: {integrity: sha512-dfUnCxiN9H4ap84DvD2ubjw+3vUNpstxa0TneY/Paat8a3R4uQZDLSvWjmznAY/DoahqTHl9V46HF/Zs3F29pg==}
    engines: {node: '>= 10.0.0'}

  '@rollup/rollup-android-arm-eabi@4.34.9':
    resolution: {integrity: sha512-qZdlImWXur0CFakn2BJ2znJOdqYZKiedEPEVNTBrpfPjc/YuTGcaYZcdmNFTkUj3DU0ZM/AElcM8Ybww3xVLzA==}
    cpu: [arm]
    os: [android]

  '@rollup/rollup-android-arm64@4.34.9':
    resolution: {integrity: sha512-4KW7P53h6HtJf5Y608T1ISKvNIYLWRKMvfnG0c44M6In4DQVU58HZFEVhWINDZKp7FZps98G3gxwC1sb0wXUUg==}
    cpu: [arm64]
    os: [android]

  '@rollup/rollup-darwin-arm64@4.34.9':
    resolution: {integrity: sha512-0CY3/K54slrzLDjOA7TOjN1NuLKERBgk9nY5V34mhmuu673YNb+7ghaDUs6N0ujXR7fz5XaS5Aa6d2TNxZd0OQ==}
    cpu: [arm64]
    os: [darwin]

  '@rollup/rollup-darwin-x64@4.34.9':
    resolution: {integrity: sha512-eOojSEAi/acnsJVYRxnMkPFqcxSMFfrw7r2iD9Q32SGkb/Q9FpUY1UlAu1DH9T7j++gZ0lHjnm4OyH2vCI7l7Q==}
    cpu: [x64]
    os: [darwin]

  '@rollup/rollup-freebsd-arm64@4.34.9':
    resolution: {integrity: sha512-2lzjQPJbN5UnHm7bHIUKFMulGTQwdvOkouJDpPysJS+QFBGDJqcfh+CxxtG23Ik/9tEvnebQiylYoazFMAgrYw==}
    cpu: [arm64]
    os: [freebsd]

  '@rollup/rollup-freebsd-x64@4.34.9':
    resolution: {integrity: sha512-SLl0hi2Ah2H7xQYd6Qaiu01kFPzQ+hqvdYSoOtHYg/zCIFs6t8sV95kaoqjzjFwuYQLtOI0RZre/Ke0nPaQV+g==}
    cpu: [x64]
    os: [freebsd]

  '@rollup/rollup-linux-arm-gnueabihf@4.34.9':
    resolution: {integrity: sha512-88I+D3TeKItrw+Y/2ud4Tw0+3CxQ2kLgu3QvrogZ0OfkmX/DEppehus7L3TS2Q4lpB+hYyxhkQiYPJ6Mf5/dPg==}
    cpu: [arm]
    os: [linux]

  '@rollup/rollup-linux-arm-musleabihf@4.34.9':
    resolution: {integrity: sha512-3qyfWljSFHi9zH0KgtEPG4cBXHDFhwD8kwg6xLfHQ0IWuH9crp005GfoUUh/6w9/FWGBwEHg3lxK1iHRN1MFlA==}
    cpu: [arm]
    os: [linux]

  '@rollup/rollup-linux-arm64-gnu@4.34.9':
    resolution: {integrity: sha512-6TZjPHjKZUQKmVKMUowF3ewHxctrRR09eYyvT5eFv8w/fXarEra83A2mHTVJLA5xU91aCNOUnM+DWFMSbQ0Nxw==}
    cpu: [arm64]
    os: [linux]

  '@rollup/rollup-linux-arm64-musl@4.34.9':
    resolution: {integrity: sha512-LD2fytxZJZ6xzOKnMbIpgzFOuIKlxVOpiMAXawsAZ2mHBPEYOnLRK5TTEsID6z4eM23DuO88X0Tq1mErHMVq0A==}
    cpu: [arm64]
    os: [linux]

  '@rollup/rollup-linux-loongarch64-gnu@4.34.9':
    resolution: {integrity: sha512-dRAgTfDsn0TE0HI6cmo13hemKpVHOEyeciGtvlBTkpx/F65kTvShtY/EVyZEIfxFkV5JJTuQ9tP5HGBS0hfxIg==}
    cpu: [loong64]
    os: [linux]

  '@rollup/rollup-linux-powerpc64le-gnu@4.34.9':
    resolution: {integrity: sha512-PHcNOAEhkoMSQtMf+rJofwisZqaU8iQ8EaSps58f5HYll9EAY5BSErCZ8qBDMVbq88h4UxaNPlbrKqfWP8RfJA==}
    cpu: [ppc64]
    os: [linux]

  '@rollup/rollup-linux-riscv64-gnu@4.34.9':
    resolution: {integrity: sha512-Z2i0Uy5G96KBYKjeQFKbbsB54xFOL5/y1P5wNBsbXB8yE+At3oh0DVMjQVzCJRJSfReiB2tX8T6HUFZ2k8iaKg==}
    cpu: [riscv64]
    os: [linux]

  '@rollup/rollup-linux-s390x-gnu@4.34.9':
    resolution: {integrity: sha512-U+5SwTMoeYXoDzJX5dhDTxRltSrIax8KWwfaaYcynuJw8mT33W7oOgz0a+AaXtGuvhzTr2tVKh5UO8GVANTxyQ==}
    cpu: [s390x]
    os: [linux]

  '@rollup/rollup-linux-x64-gnu@4.34.9':
    resolution: {integrity: sha512-FwBHNSOjUTQLP4MG7y6rR6qbGw4MFeQnIBrMe161QGaQoBQLqSUEKlHIiVgF3g/mb3lxlxzJOpIBhaP+C+KP2A==}
    cpu: [x64]
    os: [linux]

  '@rollup/rollup-linux-x64-musl@4.34.9':
    resolution: {integrity: sha512-cYRpV4650z2I3/s6+5/LONkjIz8MBeqrk+vPXV10ORBnshpn8S32bPqQ2Utv39jCiDcO2eJTuSlPXpnvmaIgRA==}
    cpu: [x64]
    os: [linux]

  '@rollup/rollup-win32-arm64-msvc@4.34.9':
    resolution: {integrity: sha512-z4mQK9dAN6byRA/vsSgQiPeuO63wdiDxZ9yg9iyX2QTzKuQM7T4xlBoeUP/J8uiFkqxkcWndWi+W7bXdPbt27Q==}
    cpu: [arm64]
    os: [win32]

  '@rollup/rollup-win32-ia32-msvc@4.34.9':
    resolution: {integrity: sha512-KB48mPtaoHy1AwDNkAJfHXvHp24H0ryZog28spEs0V48l3H1fr4i37tiyHsgKZJnCmvxsbATdZGBpbmxTE3a9w==}
    cpu: [ia32]
    os: [win32]

  '@rollup/rollup-win32-x64-msvc@4.34.9':
    resolution: {integrity: sha512-AyleYRPU7+rgkMWbEh71fQlrzRfeP6SyMnRf9XX4fCdDPAJumdSBqYEcWPMzVQ4ScAl7E4oFfK0GUVn77xSwbw==}
    cpu: [x64]
    os: [win32]

  '@sveltejs/vite-plugin-svelte-inspector@2.1.0':
    resolution: {integrity: sha512-9QX28IymvBlSCqsCll5t0kQVxipsfhFFL+L2t3nTWfXnddYwxBuAEtTtlaVQpRz9c37BhJjltSeY4AJSC03SSg==}
    engines: {node: ^18.0.0 || >=20}
    peerDependencies:
      '@sveltejs/vite-plugin-svelte': ^3.0.0
      svelte: ^4.0.0 || ^5.0.0-next.0
      vite: ^5.0.0

  '@sveltejs/vite-plugin-svelte@3.1.2':
    resolution: {integrity: sha512-Txsm1tJvtiYeLUVRNqxZGKR/mI+CzuIQuc2gn+YCs9rMTowpNZ2Nqt53JdL8KF9bLhAf2ruR/dr9eZCwdTriRA==}
    engines: {node: ^18.0.0 || >=20}
    peerDependencies:
      svelte: ^4.0.0 || ^5.0.0-next.0
      vite: ^5.0.0

  '@tsconfig/svelte@5.0.4':
    resolution: {integrity: sha512-BV9NplVgLmSi4mwKzD8BD/NQ8erOY/nUE/GpgWe2ckx+wIQF5RyRirn/QsSSCPeulVpc3RA/iJt6DpfTIZps0Q==}

  '@types/estree@1.0.5':
    resolution: {integrity: sha512-/kYRxGDLWzHOB7q+wtSUQlFrtcdUccpfy+X+9iMBpHK8QLLhx2wIPYuS5DYtR9Wa/YlZAbIovy7qVdB1Aq6Lyw==}

  '@types/estree@1.0.6':
    resolution: {integrity: sha512-AYnb1nQyY49te+VRAVgmzfcgjYS91mY5P0TKUDCLEM+gNnA+3T6rWITXRLYCpahpqSQbN5cE+gHpnPyXjHWxcw==}

  acorn@8.10.0:
    resolution: {integrity: sha512-F0SAmZ8iUtS//m8DmCTA0jlh6TDKkHQyK6xc6V4KDTyZKA9dnvX9/3sRTVQrWm79glUAZbnmmNcdYwUIHWVybw==}
    engines: {node: '>=0.4.0'}
    hasBin: true

  aria-query@5.3.0:
    resolution: {integrity: sha512-b0P0sZPKtyu8HkeRAfCq0IfURZK+SuwMjY1UXGBU27wpAiTwQAIlq56IbIO+ytk/JjS1fMR14ee5WBBfKi5J6A==}

  axobject-query@4.0.0:
    resolution: {integrity: sha512-+60uv1hiVFhHZeO+Lz0RYzsVHy5Wr1ayX0mwda9KPDVLNJgZ1T9Ny7VmFbLDzxsH0D87I86vgj3gFrjTJUYznw==}

  braces@3.0.3:
    resolution: {integrity: sha512-yQbXgO/OSZVD2IsiLlro+7Hf6Q18EJrKSEsdoMzKePKXct3gvD8oLcOQdIzGupr5Fj+EDe8gO/lxc1BzfMpxvA==}
    engines: {node: '>=8'}

  chokidar@4.0.3:
    resolution: {integrity: sha512-Qgzu8kfBvo+cA4962jnP1KkS6Dop5NS6g7R5LFYJr4b8Ub94PPQXUksCw9PvXoeXPRRddRNC5C1JQUR2SMGtnA==}
    engines: {node: '>= 14.16.0'}

  code-red@1.0.4:
    resolution: {integrity: sha512-7qJWqItLA8/VPVlKJlFXU+NBlo/qyfs39aJcuMT/2ere32ZqvF5OSxgdM5xOfJJ7O429gg2HM47y8v9P+9wrNw==}

  cross-spawn@7.0.6:
    resolution: {integrity: sha512-uV2QOWP2nWzsy2aMp8aRibhi9dlzF5Hgh5SHaB9OiTGEyDTiJJyx0uy51QXdyWbtAHNua4XJzUKca3OzKUd3vA==}
    engines: {node: '>= 8'}

  css-tree@2.3.1:
    resolution: {integrity: sha512-6Fv1DV/TYw//QF5IzQdqsNDjx/wc8TrMBZsqjL9eW01tWb7R7k/mq+/VXfJCl7SoD5emsJop9cOByJZfs8hYIw==}
    engines: {node: ^10 || ^12.20.0 || ^14.13.0 || >=15.0.0}

  debug@4.3.4:
    resolution: {integrity: sha512-PRWFHuSU3eDtQJPvnNY7Jcket1j0t5OuOsFzPPzsekD52Zl8qUfFIPEiswXqIvHWGVHOgX+7G/vCNNhehwxfkQ==}
    engines: {node: '>=6.0'}
    peerDependencies:
      supports-color: '*'
    peerDependenciesMeta:
      supports-color:
        optional: true

  dedent-js@1.0.1:
    resolution: {integrity: sha512-OUepMozQULMLUmhxS95Vudo0jb0UchLimi3+pQ2plj61Fcy8axbP9hbiD4Sz6DPqn6XG3kfmziVfQ1rSys5AJQ==}

  deepmerge@4.3.1:
    resolution: {integrity: sha512-3sUqbMEc77XqpdNO7FRyRog+eW3ph+GYCbj+rK+uYyRMuwsVy0rMiVtPn+QJlKFvWP/1PYpapqYn0Me2knFn+A==}
    engines: {node: '>=0.10.0'}

  dequal@2.0.3:
    resolution: {integrity: sha512-0je+qPKHEMohvfRTCEo3CrPG6cAzAYgmzKyxRiYSSDkS6eGJdyVJm7WaYA5ECaAD9wLB2T4EEeymA5aFVcYXCA==}
    engines: {node: '>=6'}

  detect-libc@1.0.3:
    resolution: {integrity: sha512-pGjwhsmsp4kL2RTz08wcOlGN83otlqHeD/Z5T8GXZB+/YcpQ/dgo+lbU8ZsGxV0HIvqqxo9l7mqYwyYMD9bKDg==}
    engines: {node: '>=0.10'}
    hasBin: true

  dotenv-cli@8.0.0:
    resolution: {integrity: sha512-aLqYbK7xKOiTMIRf1lDPbI+Y+Ip/wo5k3eyp6ePysVaSqbyxjyK3dK35BTxG+rmd7djf5q2UPs4noPNH+cj0Qw==}
    hasBin: true

  dotenv-expand@10.0.0:
    resolution: {integrity: sha512-GopVGCpVS1UKH75VKHGuQFqS1Gusej0z4FyQkPdwjil2gNIv+LNsqBlboOzpJFZKVT95GkCyWJbBSdFEFUWI2A==}
    engines: {node: '>=12'}

  dotenv@16.4.7:
    resolution: {integrity: sha512-47qPchRCykZC03FhkYAhrvwU4xDBFIj1QPqaarj6mdM/hgUzfPHcpkHJOn3mJAufFeeAxAzeGsr5X0M4k6fLZQ==}
    engines: {node: '>=12'}

  esbuild@0.25.0:
    resolution: {integrity: sha512-BXq5mqc8ltbaN34cDqWuYKyNhX8D/Z0J1xdtdQ8UcIIIyJyz+ZMKUt58tF3SrZ85jcfN/PZYhjR5uDQAYNVbuw==}
    engines: {node: '>=18'}
    hasBin: true

  estree-walker@3.0.3:
    resolution: {integrity: sha512-7RUKfXgSMMkzt6ZuXmqapOurLGPPfgj6l9uRZ7lRGolvk0y2yocc35LdcxKC5PQZdn2DMqioAQ2NoWcrTKmm6g==}

  fdir@6.4.3:
    resolution: {integrity: sha512-PMXmW2y1hDDfTSRc9gaXIuCCRpuoz3Kaz8cUelp3smouvfT632ozg2vrT6lJsHKKOF59YLbOGfAWGUcKEfRMQw==}
    peerDependencies:
      picomatch: ^3 || ^4
    peerDependenciesMeta:
      picomatch:
        optional: true

  fill-range@7.1.1:
    resolution: {integrity: sha512-YsGpe3WHLK8ZYi4tWDg2Jy3ebRz2rXowDxnld4bkQB00cc/1Zw9AWnC0i9ztDJitivtQvaI9KaLyKrc+hBW0yg==}
    engines: {node: '>=8'}

  fsevents@2.3.3:
    resolution: {integrity: sha512-5xoDfX+fL7faATnagmWPpbFtwh/R77WmMMqqHGS65C3vvB0YHrgF+B1YmZ3441tMj5n63k0212XNoJwzlhffQw==}
    engines: {node: ^8.16.0 || ^10.6.0 || >=11.0.0}
    os: [darwin]

  highlight.js@11.11.1:
    resolution: {integrity: sha512-Xwwo44whKBVCYoliBQwaPvtd/2tYFkRQtXDWj1nackaV2JPXx3L0+Jvd8/qCJ2p+ML0/XVkJ2q+Mr+UVdpJK5w==}
    engines: {node: '>=12.0.0'}

  immutable@5.0.3:
    resolution: {integrity: sha512-P8IdPQHq3lA1xVeBRi5VPqUm5HDgKnx0Ru51wZz5mjxHr5n3RWhjIpOFU7ybkUxfB+5IToy+OLaHYDBIWsv+uw==}

  install@0.13.0:
    resolution: {integrity: sha512-zDml/jzr2PKU9I8J/xyZBQn8rPCAY//UOYNmR01XwNwyfhEWObo2SWfSl1+0tm1u6PhxLwDnfsT/6jB7OUxqFA==}
    engines: {node: '>= 0.10'}

  is-extglob@2.1.1:
    resolution: {integrity: sha512-SbKbANkN603Vi4jEZv49LeVJMn4yGwsbzZworEoyEiutsN3nJYdbO36zfhGJ6QEDpOZIFkDtnq5JRxmvl3jsoQ==}
    engines: {node: '>=0.10.0'}

  is-glob@4.0.3:
    resolution: {integrity: sha512-xelSayHH36ZgE7ZWhli7pW34hNbNl8Ojv5KVmkJD4hBdD3th8Tfk9vYasLM+mXWOZhFkgZfxhLSnrwRr4elSSg==}
    engines: {node: '>=0.10.0'}

  is-number@7.0.0:
    resolution: {integrity: sha512-41Cifkg6e8TylSpdtTpeLVMqvSBEVzTttHvERD741+pnZ8ANv0004MRL43QKPDlK9cGvNp6NZWZUBlbGXYxxng==}
    engines: {node: '>=0.12.0'}

  is-reference@3.0.1:
    resolution: {integrity: sha512-baJJdQLiYaJdvFbJqXrcGv3WU3QCzBlUcI5QhbesIm6/xPsvmO+2CDoi/GMOFBQEQm+PXkwOPrp9KK5ozZsp2w==}

  isexe@2.0.0:
    resolution: {integrity: sha512-RHxMLp9lnKHGHRng9QFhRCMbYAcVpn69smSGcq3f36xjgVVWThj4qqLbTLlq7Ssj8B+fIQ1EuCEGI2lKsyQeIw==}

  kleur@4.1.5:
    resolution: {integrity: sha512-o+NO+8WrRiQEE4/7nwRJhN1HWpVmJm511pBHUxPLtp0BUISzlBplORYSmTclCnJvQq2tKu/sgl3xVpkc7ZWuQQ==}
    engines: {node: '>=6'}

  locate-character@3.0.0:
    resolution: {integrity: sha512-SW13ws7BjaeJ6p7Q6CO2nchbYEc3X3J6WrmTTDto7yMPqVSZTUyY5Tjbid+Ab8gLnATtygYtiDIJGQRRn2ZOiA==}

  lucide-svelte@0.479.0:
    resolution: {integrity: sha512-epCj6WL86ykxg7oCQTmPEth5e11pwJUzIfG9ROUsWsTP+WPtb3qat+VmAjfx/r4TRW7memTFcbTPvMrZvKthqw==}
    peerDependencies:
      svelte: ^3 || ^4 || ^5.0.0-next.42

  magic-string@0.30.10:
    resolution: {integrity: sha512-iIRwTIf0QKV3UAnYK4PU8uiEc4SRh5jX0mwpIwETPpHdhVM4f53RSwS/vXvN1JhGX+Cs7B8qIq3d6AH49O5fAQ==}

  mdn-data@2.0.30:
    resolution: {integrity: sha512-GaqWWShW4kv/G9IEucWScBx9G1/vsFZZJUO+tD26M8J8z3Kw5RDQjaoZe03YAClgeS/SWPOcb4nkFBTEi5DUEA==}

  micromatch@4.0.8:
    resolution: {integrity: sha512-PXwfBhYu0hBCPw8Dn0E+WDYb7af3dSLVWKi3HGv84IdF4TyFoC0ysxFd0Goxw7nSv4T/PzEJQxsYsEiFCKo2BA==}
    engines: {node: '>=8.6'}

  minimist@1.2.8:
    resolution: {integrity: sha512-2yyAR8qBkN3YuheJanUpWC5U3bb5osDywNB8RzDVlDwDHbocAJveqqj1u8+SVD7jkWT4yvsHCpWqqWqAxb0zCA==}

  mri@1.2.0:
    resolution: {integrity: sha512-tzzskb3bG8LvYGFF/mDTpq3jpI6Q9wc3LEmBaghu+DdCssd1FakN7Bc0hVNmEyGq1bq3RgfkCb3cmQLpNPOroA==}
    engines: {node: '>=4'}

  ms@2.1.2:
    resolution: {integrity: sha512-sGkPx+VjMtmA6MX27oA4FBFELFCZZ4S4XqeGOXCv68tT+jb3vk/RyaKWP0PTKyWtmLSM0b+adUTEvbs1PEaH2w==}

  nanoid@3.3.9:
    resolution: {integrity: sha512-SppoicMGpZvbF1l3z4x7No3OlIjP7QJvC9XR7AhZr1kL133KHnKPztkKDc+Ir4aJ/1VhTySrtKhrsycmrMQfvg==}
    engines: {node: ^10 || ^12 || ^13.7 || ^14 || >=15.0.1}
    hasBin: true

  node-addon-api@7.1.1:
    resolution: {integrity: sha512-5m3bsyrjFWE1xf7nz7YXdN4udnVtXK6/Yfgn5qnahL6bCkf2yKt4k3nuTKAtT4r3IG8JNR2ncsIMdZuAzJjHQQ==}

  path-key@3.1.1:
    resolution: {integrity: sha512-ojmeN0qd+y0jszEtoY48r0Peq5dwMEkIlCOu6Q5f41lfkswXuKtYrhgoTpLnyIcHm24Uhqx+5Tqm2InSwLhE6Q==}
    engines: {node: '>=8'}

  periscopic@3.1.0:
    resolution: {integrity: sha512-vKiQ8RRtkl9P+r/+oefh25C3fhybptkHKCZSPlcXiJux2tJF55GnEj3BVn4A5gKfq9NWWXXrxkHBwVPUfH0opw==}

  picocolors@1.1.1:
    resolution: {integrity: sha512-xceH2snhtb5M9liqDsmEw56le376mTZkEX/jEb/RxNFyegNul7eNslCXP9FDj/Lcu0X8KEyMceP2ntpaHrDEVA==}

  picomatch@2.3.1:
    resolution: {integrity: sha512-JU3teHTNjmE2VCGFzuY8EXzCDVwEqB2a8fsIvwaStHhAWJEeVd1o1QD80CU6+ZdEXXSLbSsuLwJjkCBWqRQUVA==}
    engines: {node: '>=8.6'}

  postcss@8.5.3:
    resolution: {integrity: sha512-dle9A3yYxlBSrt8Fu+IpjGT8SY8hN0mlaA6GY8t0P5PjIOZemULz/E2Bnm/2dcUOena75OTNkHI76uZBNUUq3A==}
    engines: {node: ^10 || ^12 || >=14}

  readdirp@4.1.2:
    resolution: {integrity: sha512-GDhwkLfywWL2s6vEjyhri+eXmfH6j1L7JE27WhqLeYzoh/A3DBaYGEj2H/HFZCn/kMfim73FXxEJTw06WtxQwg==}
    engines: {node: '>= 14.18.0'}

  rollup@4.34.9:
    resolution: {integrity: sha512-nF5XYqWWp9hx/LrpC8sZvvvmq0TeTjQgaZHYmAgwysT9nh8sWnZhBnM8ZyVbbJFIQBLwHDNoMqsBZBbUo4U8sQ==}
    engines: {node: '>=18.0.0', npm: '>=8.0.0'}
    hasBin: true

  sade@1.8.1:
    resolution: {integrity: sha512-xal3CZX1Xlo/k4ApwCFrHVACi9fBqJ7V+mwhBsuf/1IOKbBy098Fex+Wa/5QMubw09pSZ/u8EY8PWgevJsXp1A==}
    engines: {node: '>=6'}

  sass@1.85.1:
    resolution: {integrity: sha512-Uk8WpxM5v+0cMR0XjX9KfRIacmSG86RH4DCCZjLU2rFh5tyutt9siAXJ7G+YfxQ99Q6wrRMbMlVl6KqUms71ag==}
    engines: {node: '>=14.0.0'}
    hasBin: true

  shebang-command@2.0.0:
    resolution: {integrity: sha512-kHxr2zZpYtdmrN1qDjrrX/Z1rR1kG8Dx+gkpK1G4eXmvXswmcE1hTWBWYUzlraYw1/yZp6YuDY77YtvbN0dmDA==}
    engines: {node: '>=8'}

  shebang-regex@3.0.0:
    resolution: {integrity: sha512-7++dFhtcx3353uBaq8DDR4NuxBetBzC7ZQOhmTQInHEd6bSrXdiEyzCvG07Z44UYdLShWUyXt5M/yhz8ekcb1A==}
    engines: {node: '>=8'}

  source-map-js@1.2.1:
    resolution: {integrity: sha512-UXWMKhLOwVKb728IUtQPXxfYU+usdybtUrK/8uGE8CQMvrhOpwvzDBwj0QhSL7MQc7vIsISBG8VQ8+IDQxpfQA==}
    engines: {node: '>=0.10.0'}

  svelte-check@4.1.5:
    resolution: {integrity: sha512-Gb0T2IqBNe1tLB9EB1Qh+LOe+JB8wt2/rNBDGvkxQVvk8vNeAoG+vZgFB/3P5+zC7RWlyBlzm9dVjZFph/maIg==}
    engines: {node: '>= 18.0.0'}
    hasBin: true
    peerDependencies:
      svelte: ^4.0.0 || ^5.0.0-next.0
      typescript: '>=5.0.0'

  svelte-highlight@7.8.2:
    resolution: {integrity: sha512-fJZOQtI71CIAOzv43h/cHVDABB3YfWFERGxZx4RisBVHjEuJXfnrrEOhPS0iE2uZUFyQKDWZyzPlcYyBAkH2iA==}

  svelte-hmr@0.16.0:
    resolution: {integrity: sha512-Gyc7cOS3VJzLlfj7wKS0ZnzDVdv3Pn2IuVeJPk9m2skfhcu5bq3wtIZyQGggr7/Iim5rH5cncyQft/kRLupcnA==}
    engines: {node: ^12.20 || ^14.13.1 || >= 16}
    peerDependencies:
      svelte: ^3.19.0 || ^4.0.0

  svelte@4.2.19:
    resolution: {integrity: sha512-IY1rnGr6izd10B0A8LqsBfmlT5OILVuZ7XsI0vdGPEvuonFV7NYEUK4dAkm9Zg2q0Um92kYjTpS1CAP3Nh/KWw==}
    engines: {node: '>=16'}

  to-regex-range@5.0.1:
    resolution: {integrity: sha512-65P7iz6X5yEr1cwcgvQxbbIw7Uk3gOy5dIdtZ4rDveLqhrdJP+Li/Hx6tyK0NEb+2GCyneCMJiGqrADCSNk8sQ==}
    engines: {node: '>=8.0'}

  tslib@2.8.1:
    resolution: {integrity: sha512-oJFu94HQb+KVduSUQL7wnpmqnfmLsOA/nAh6b6EH0wCEoK0/mPeXU6c3wKDV83MkOuHPRHtSXKKU99IBazS/2w==}

  turbo-darwin-64@2.4.4:
    resolution: {integrity: sha512-5kPvRkLAfmWI0MH96D+/THnDMGXlFNmjeqNRj5grLKiry+M9pKj3pRuScddAXPdlxjO5Ptz06UNaOQrrYGTx1g==}
    cpu: [x64]
    os: [darwin]

  turbo-darwin-arm64@2.4.4:
    resolution: {integrity: sha512-/gtHPqbGQXDFhrmy+Q/MFW2HUTUlThJ97WLLSe4bxkDrKHecDYhAjbZ4rN3MM93RV9STQb3Tqy4pZBtsd4DfCw==}
    cpu: [arm64]
    os: [darwin]

  turbo-linux-64@2.4.4:
    resolution: {integrity: sha512-SR0gri4k0bda56hw5u9VgDXLKb1Q+jrw4lM7WAhnNdXvVoep4d6LmnzgMHQQR12Wxl3KyWPbkz9d1whL6NTm2Q==}
    cpu: [x64]
    os: [linux]

  turbo-linux-arm64@2.4.4:
    resolution: {integrity: sha512-COXXwzRd3vslQIfJhXUklgEqlwq35uFUZ7hnN+AUyXx7hUOLIiD5NblL+ETrHnhY4TzWszrbwUMfe2BYWtaPQg==}
    cpu: [arm64]
    os: [linux]

  turbo-windows-64@2.4.4:
    resolution: {integrity: sha512-PV9rYNouGz4Ff3fd6sIfQy5L7HT9a4fcZoEv8PKRavU9O75G7PoDtm8scpHU10QnK0QQNLbE9qNxOAeRvF0fJg==}
    cpu: [x64]
    os: [win32]

  turbo-windows-arm64@2.4.4:
    resolution: {integrity: sha512-403sqp9t5sx6YGEC32IfZTVWkRAixOQomGYB8kEc6ZD+//LirSxzeCHCnM8EmSXw7l57U1G+Fb0kxgTcKPU/Lg==}
    cpu: [arm64]
    os: [win32]

  turbo@2.4.4:
    resolution: {integrity: sha512-N9FDOVaY3yz0YCOhYIgOGYad7+m2ptvinXygw27WPLQvcZDl3+0Sa77KGVlLSiuPDChOUEnTKE9VJwLSi9BPGQ==}
    hasBin: true

  typescript@5.8.2:
    resolution: {integrity: sha512-aJn6wq13/afZp/jT9QZmwEjDqqvSGp1VT5GVg+f/t6/oVyrgXM6BY1h9BRh/O5p3PlUPAe+WuiEZOmb/49RqoQ==}
    engines: {node: '>=14.17'}
    hasBin: true

  vite@6.2.1:
    resolution: {integrity: sha512-n2GnqDb6XPhlt9B8olZPrgMD/es/Nd1RdChF6CBD/fHW6pUyUTt2sQW2fPRX5GiD9XEa6+8A6A4f2vT6pSsE7Q==}
    engines: {node: ^18.0.0 || ^20.0.0 || >=22.0.0}
    hasBin: true
    peerDependencies:
      '@types/node': ^18.0.0 || ^20.0.0 || >=22.0.0
      jiti: '>=1.21.0'
      less: '*'
      lightningcss: ^1.21.0
      sass: '*'
      sass-embedded: '*'
      stylus: '*'
      sugarss: '*'
      terser: ^5.16.0
      tsx: ^4.8.1
      yaml: ^2.4.2
    peerDependenciesMeta:
      '@types/node':
        optional: true
      jiti:
        optional: true
      less:
        optional: true
      lightningcss:
        optional: true
      sass:
        optional: true
      sass-embedded:
        optional: true
      stylus:
        optional: true
      sugarss:
        optional: true
      terser:
        optional: true
      tsx:
        optional: true
      yaml:
        optional: true

  vitefu@0.2.5:
    resolution: {integrity: sha512-SgHtMLoqaeeGnd2evZ849ZbACbnwQCIwRH57t18FxcXoZop0uQu0uzlIhJBlF/eWVzuce0sHeqPcDo+evVcg8Q==}
    peerDependencies:
      vite: ^3.0.0 || ^4.0.0 || ^5.0.0
    peerDependenciesMeta:
      vite:
        optional: true

  which@2.0.2:
    resolution: {integrity: sha512-BLI3Tl1TW3Pvl70l3yq3Y64i+awpwXqsGBYWkkqMtnbXgrMD+yj7rhW0kuEDxzJaYXGjEW5ogapKNMEKNMjibA==}
    engines: {node: '>= 8'}
    hasBin: true

snapshots:

  '@ampproject/remapping@2.2.1':
    dependencies:
      '@jridgewell/gen-mapping': 0.3.3
      '@jridgewell/trace-mapping': 0.3.19

  '@esbuild/aix-ppc64@0.25.0':
    optional: true

  '@esbuild/android-arm64@0.25.0':
    optional: true

  '@esbuild/android-arm@0.25.0':
    optional: true

  '@esbuild/android-x64@0.25.0':
    optional: true

  '@esbuild/darwin-arm64@0.25.0':
    optional: true

  '@esbuild/darwin-x64@0.25.0':
    optional: true

  '@esbuild/freebsd-arm64@0.25.0':
    optional: true

  '@esbuild/freebsd-x64@0.25.0':
    optional: true

  '@esbuild/linux-arm64@0.25.0':
    optional: true

  '@esbuild/linux-arm@0.25.0':
    optional: true

  '@esbuild/linux-ia32@0.25.0':
    optional: true

  '@esbuild/linux-loong64@0.25.0':
    optional: true

  '@esbuild/linux-mips64el@0.25.0':
    optional: true

  '@esbuild/linux-ppc64@0.25.0':
    optional: true

  '@esbuild/linux-riscv64@0.25.0':
    optional: true

  '@esbuild/linux-s390x@0.25.0':
    optional: true

  '@esbuild/linux-x64@0.25.0':
    optional: true

  '@esbuild/netbsd-arm64@0.25.0':
    optional: true

  '@esbuild/netbsd-x64@0.25.0':
    optional: true

  '@esbuild/openbsd-arm64@0.25.0':
    optional: true

  '@esbuild/openbsd-x64@0.25.0':
    optional: true

  '@esbuild/sunos-x64@0.25.0':
    optional: true

  '@esbuild/win32-arm64@0.25.0':
    optional: true

  '@esbuild/win32-ia32@0.25.0':
    optional: true

  '@esbuild/win32-x64@0.25.0':
    optional: true

  '@jridgewell/gen-mapping@0.3.3':
    dependencies:
      '@jridgewell/set-array': 1.1.2
      '@jridgewell/sourcemap-codec': 1.4.15
      '@jridgewell/trace-mapping': 0.3.25

  '@jridgewell/resolve-uri@3.1.1': {}

  '@jridgewell/resolve-uri@3.1.2': {}

  '@jridgewell/set-array@1.1.2': {}

  '@jridgewell/sourcemap-codec@1.4.15': {}

  '@jridgewell/sourcemap-codec@1.5.0': {}

  '@jridgewell/trace-mapping@0.3.19':
    dependencies:
      '@jridgewell/resolve-uri': 3.1.1
      '@jridgewell/sourcemap-codec': 1.4.15

  '@jridgewell/trace-mapping@0.3.25':
    dependencies:
      '@jridgewell/resolve-uri': 3.1.2
      '@jridgewell/sourcemap-codec': 1.5.0

  '@parcel/watcher-android-arm64@2.5.1':
    optional: true

  '@parcel/watcher-darwin-arm64@2.5.1':
    optional: true

  '@parcel/watcher-darwin-x64@2.5.1':
    optional: true

  '@parcel/watcher-freebsd-x64@2.5.1':
    optional: true

  '@parcel/watcher-linux-arm-glibc@2.5.1':
    optional: true

  '@parcel/watcher-linux-arm-musl@2.5.1':
    optional: true

  '@parcel/watcher-linux-arm64-glibc@2.5.1':
    optional: true

  '@parcel/watcher-linux-arm64-musl@2.5.1':
    optional: true

  '@parcel/watcher-linux-x64-glibc@2.5.1':
    optional: true

  '@parcel/watcher-linux-x64-musl@2.5.1':
    optional: true

  '@parcel/watcher-win32-arm64@2.5.1':
    optional: true

  '@parcel/watcher-win32-ia32@2.5.1':
    optional: true

  '@parcel/watcher-win32-x64@2.5.1':
    optional: true

  '@parcel/watcher@2.5.1':
    dependencies:
      detect-libc: 1.0.3
      is-glob: 4.0.3
      micromatch: 4.0.8
      node-addon-api: 7.1.1
    optionalDependencies:
      '@parcel/watcher-android-arm64': 2.5.1
      '@parcel/watcher-darwin-arm64': 2.5.1
      '@parcel/watcher-darwin-x64': 2.5.1
      '@parcel/watcher-freebsd-x64': 2.5.1
      '@parcel/watcher-linux-arm-glibc': 2.5.1
      '@parcel/watcher-linux-arm-musl': 2.5.1
      '@parcel/watcher-linux-arm64-glibc': 2.5.1
      '@parcel/watcher-linux-arm64-musl': 2.5.1
      '@parcel/watcher-linux-x64-glibc': 2.5.1
      '@parcel/watcher-linux-x64-musl': 2.5.1
      '@parcel/watcher-win32-arm64': 2.5.1
      '@parcel/watcher-win32-ia32': 2.5.1
      '@parcel/watcher-win32-x64': 2.5.1
    optional: true

  '@rollup/rollup-android-arm-eabi@4.34.9':
    optional: true

  '@rollup/rollup-android-arm64@4.34.9':
    optional: true

  '@rollup/rollup-darwin-arm64@4.34.9':
    optional: true

  '@rollup/rollup-darwin-x64@4.34.9':
    optional: true

  '@rollup/rollup-freebsd-arm64@4.34.9':
    optional: true

  '@rollup/rollup-freebsd-x64@4.34.9':
    optional: true

  '@rollup/rollup-linux-arm-gnueabihf@4.34.9':
    optional: true

  '@rollup/rollup-linux-arm-musleabihf@4.34.9':
    optional: true

  '@rollup/rollup-linux-arm64-gnu@4.34.9':
    optional: true

  '@rollup/rollup-linux-arm64-musl@4.34.9':
    optional: true

  '@rollup/rollup-linux-loongarch64-gnu@4.34.9':
    optional: true

  '@rollup/rollup-linux-powerpc64le-gnu@4.34.9':
    optional: true

  '@rollup/rollup-linux-riscv64-gnu@4.34.9':
    optional: true

  '@rollup/rollup-linux-s390x-gnu@4.34.9':
    optional: true

  '@rollup/rollup-linux-x64-gnu@4.34.9':
    optional: true

  '@rollup/rollup-linux-x64-musl@4.34.9':
    optional: true

  '@rollup/rollup-win32-arm64-msvc@4.34.9':
    optional: true

  '@rollup/rollup-win32-ia32-msvc@4.34.9':
    optional: true

  '@rollup/rollup-win32-x64-msvc@4.34.9':
    optional: true

  '@sveltejs/vite-plugin-svelte-inspector@2.1.0(@sveltejs/vite-plugin-svelte@3.1.2(svelte@4.2.19)(vite@6.2.1(sass@1.85.1)))(svelte@4.2.19)(vite@6.2.1(sass@1.85.1))':
    dependencies:
      '@sveltejs/vite-plugin-svelte': 3.1.2(svelte@4.2.19)(vite@6.2.1(sass@1.85.1))
      debug: 4.3.4
      svelte: 4.2.19
      vite: 6.2.1(sass@1.85.1)
    transitivePeerDependencies:
      - supports-color

  '@sveltejs/vite-plugin-svelte@3.1.2(svelte@4.2.19)(vite@6.2.1(sass@1.85.1))':
    dependencies:
      '@sveltejs/vite-plugin-svelte-inspector': 2.1.0(@sveltejs/vite-plugin-svelte@3.1.2(svelte@4.2.19)(vite@6.2.1(sass@1.85.1)))(svelte@4.2.19)(vite@6.2.1(sass@1.85.1))
      debug: 4.3.4
      deepmerge: 4.3.1
      kleur: 4.1.5
      magic-string: 0.30.10
      svelte: 4.2.19
      svelte-hmr: 0.16.0(svelte@4.2.19)
      vite: 6.2.1(sass@1.85.1)
      vitefu: 0.2.5(vite@6.2.1(sass@1.85.1))
    transitivePeerDependencies:
      - supports-color

  '@tsconfig/svelte@5.0.4': {}

  '@types/estree@1.0.5': {}

  '@types/estree@1.0.6': {}

  acorn@8.10.0: {}

  aria-query@5.3.0:
    dependencies:
      dequal: 2.0.3

  axobject-query@4.0.0:
    dependencies:
      dequal: 2.0.3

  braces@3.0.3:
    dependencies:
      fill-range: 7.1.1
    optional: true

  chokidar@4.0.3:
    dependencies:
      readdirp: 4.1.2

  code-red@1.0.4:
    dependencies:
      '@jridgewell/sourcemap-codec': 1.4.15
      '@types/estree': 1.0.5
      acorn: 8.10.0
      estree-walker: 3.0.3
      periscopic: 3.1.0

  cross-spawn@7.0.6:
    dependencies:
      path-key: 3.1.1
      shebang-command: 2.0.0
      which: 2.0.2

  css-tree@2.3.1:
    dependencies:
      mdn-data: 2.0.30
      source-map-js: 1.2.1

  debug@4.3.4:
    dependencies:
      ms: 2.1.2

  dedent-js@1.0.1: {}

  deepmerge@4.3.1: {}

  dequal@2.0.3: {}

  detect-libc@1.0.3:
    optional: true

  dotenv-cli@8.0.0:
    dependencies:
      cross-spawn: 7.0.6
      dotenv: 16.4.7
      dotenv-expand: 10.0.0
      minimist: 1.2.8

  dotenv-expand@10.0.0: {}

  dotenv@16.4.7: {}

  esbuild@0.25.0:
    optionalDependencies:
      '@esbuild/aix-ppc64': 0.25.0
      '@esbuild/android-arm': 0.25.0
      '@esbuild/android-arm64': 0.25.0
      '@esbuild/android-x64': 0.25.0
      '@esbuild/darwin-arm64': 0.25.0
      '@esbuild/darwin-x64': 0.25.0
      '@esbuild/freebsd-arm64': 0.25.0
      '@esbuild/freebsd-x64': 0.25.0
      '@esbuild/linux-arm': 0.25.0
      '@esbuild/linux-arm64': 0.25.0
      '@esbuild/linux-ia32': 0.25.0
      '@esbuild/linux-loong64': 0.25.0
      '@esbuild/linux-mips64el': 0.25.0
      '@esbuild/linux-ppc64': 0.25.0
      '@esbuild/linux-riscv64': 0.25.0
      '@esbuild/linux-s390x': 0.25.0
      '@esbuild/linux-x64': 0.25.0
      '@esbuild/netbsd-arm64': 0.25.0
      '@esbuild/netbsd-x64': 0.25.0
      '@esbuild/openbsd-arm64': 0.25.0
      '@esbuild/openbsd-x64': 0.25.0
      '@esbuild/sunos-x64': 0.25.0
      '@esbuild/win32-arm64': 0.25.0
      '@esbuild/win32-ia32': 0.25.0
      '@esbuild/win32-x64': 0.25.0

  estree-walker@3.0.3:
    dependencies:
      '@types/estree': 1.0.5

  fdir@6.4.3(picomatch@2.3.1):
    optionalDependencies:
      picomatch: 2.3.1

  fill-range@7.1.1:
    dependencies:
      to-regex-range: 5.0.1
    optional: true

  fsevents@2.3.3:
    optional: true

  highlight.js@11.11.1: {}

  immutable@5.0.3: {}

  install@0.13.0: {}

  is-extglob@2.1.1:
    optional: true

  is-glob@4.0.3:
    dependencies:
      is-extglob: 2.1.1
    optional: true

  is-number@7.0.0:
    optional: true

  is-reference@3.0.1:
    dependencies:
      '@types/estree': 1.0.5

  isexe@2.0.0: {}

  kleur@4.1.5: {}

  locate-character@3.0.0: {}

  lucide-svelte@0.479.0(svelte@4.2.19):
    dependencies:
      svelte: 4.2.19

  magic-string@0.30.10:
    dependencies:
      '@jridgewell/sourcemap-codec': 1.4.15

  mdn-data@2.0.30: {}

  micromatch@4.0.8:
    dependencies:
      braces: 3.0.3
      picomatch: 2.3.1
    optional: true

  minimist@1.2.8: {}

  mri@1.2.0: {}

  ms@2.1.2: {}

  nanoid@3.3.9: {}

  node-addon-api@7.1.1:
    optional: true

  path-key@3.1.1: {}

  periscopic@3.1.0:
    dependencies:
      '@types/estree': 1.0.5
      estree-walker: 3.0.3
      is-reference: 3.0.1

  picocolors@1.1.1: {}

  picomatch@2.3.1:
    optional: true

  postcss@8.5.3:
    dependencies:
      nanoid: 3.3.9
      picocolors: 1.1.1
      source-map-js: 1.2.1

  readdirp@4.1.2: {}

  rollup@4.34.9:
    dependencies:
      '@types/estree': 1.0.6
    optionalDependencies:
      '@rollup/rollup-android-arm-eabi': 4.34.9
      '@rollup/rollup-android-arm64': 4.34.9
      '@rollup/rollup-darwin-arm64': 4.34.9
      '@rollup/rollup-darwin-x64': 4.34.9
      '@rollup/rollup-freebsd-arm64': 4.34.9
      '@rollup/rollup-freebsd-x64': 4.34.9
      '@rollup/rollup-linux-arm-gnueabihf': 4.34.9
      '@rollup/rollup-linux-arm-musleabihf': 4.34.9
      '@rollup/rollup-linux-arm64-gnu': 4.34.9
      '@rollup/rollup-linux-arm64-musl': 4.34.9
      '@rollup/rollup-linux-loongarch64-gnu': 4.34.9
      '@rollup/rollup-linux-powerpc64le-gnu': 4.34.9
      '@rollup/rollup-linux-riscv64-gnu': 4.34.9
      '@rollup/rollup-linux-s390x-gnu': 4.34.9
      '@rollup/rollup-linux-x64-gnu': 4.34.9
      '@rollup/rollup-linux-x64-musl': 4.34.9
      '@rollup/rollup-win32-arm64-msvc': 4.34.9
      '@rollup/rollup-win32-ia32-msvc': 4.34.9
      '@rollup/rollup-win32-x64-msvc': 4.34.9
      fsevents: 2.3.3

  sade@1.8.1:
    dependencies:
      mri: 1.2.0

  sass@1.85.1:
    dependencies:
      chokidar: 4.0.3
      immutable: 5.0.3
      source-map-js: 1.2.1
    optionalDependencies:
      '@parcel/watcher': 2.5.1

  shebang-command@2.0.0:
    dependencies:
      shebang-regex: 3.0.0

  shebang-regex@3.0.0: {}

  source-map-js@1.2.1: {}

  svelte-check@4.1.5(picomatch@2.3.1)(svelte@4.2.19)(typescript@5.8.2):
    dependencies:
      '@jridgewell/trace-mapping': 0.3.25
      chokidar: 4.0.3
      fdir: 6.4.3(picomatch@2.3.1)
      picocolors: 1.1.1
      sade: 1.8.1
      svelte: 4.2.19
      typescript: 5.8.2
    transitivePeerDependencies:
      - picomatch

  svelte-highlight@7.8.2:
    dependencies:
      highlight.js: 11.11.1

  svelte-hmr@0.16.0(svelte@4.2.19):
    dependencies:
      svelte: 4.2.19

  svelte@4.2.19:
    dependencies:
      '@ampproject/remapping': 2.2.1
      '@jridgewell/sourcemap-codec': 1.4.15
      '@jridgewell/trace-mapping': 0.3.19
      '@types/estree': 1.0.5
      acorn: 8.10.0
      aria-query: 5.3.0
      axobject-query: 4.0.0
      code-red: 1.0.4
      css-tree: 2.3.1
      estree-walker: 3.0.3
      is-reference: 3.0.1
      locate-character: 3.0.0
      magic-string: 0.30.10
      periscopic: 3.1.0

  to-regex-range@5.0.1:
    dependencies:
      is-number: 7.0.0
    optional: true

  tslib@2.8.1: {}

  turbo-darwin-64@2.4.4:
    optional: true

  turbo-darwin-arm64@2.4.4:
    optional: true

  turbo-linux-64@2.4.4:
    optional: true

  turbo-linux-arm64@2.4.4:
    optional: true

  turbo-windows-64@2.4.4:
    optional: true

  turbo-windows-arm64@2.4.4:
    optional: true

  turbo@2.4.4:
    optionalDependencies:
      turbo-darwin-64: 2.4.4
      turbo-darwin-arm64: 2.4.4
      turbo-linux-64: 2.4.4
      turbo-linux-arm64: 2.4.4
      turbo-windows-64: 2.4.4
      turbo-windows-arm64: 2.4.4

  typescript@5.8.2: {}

  vite@6.2.1(sass@1.85.1):
    dependencies:
      esbuild: 0.25.0
      postcss: 8.5.3
      rollup: 4.34.9
    optionalDependencies:
      fsevents: 2.3.3
      sass: 1.85.1

  vitefu@0.2.5(vite@6.2.1(sass@1.85.1)):
    optionalDependencies:
      vite: 6.2.1(sass@1.85.1)

  which@2.0.2:
    dependencies:
      isexe: 2.0.0
